
Microsoft Visual Studio Solution File, Format Version 12.00
# Visual Studio Version 17
VisualStudioVersion = 17.9.34728.123
MinimumVisualStudioVersion = 10.0.40219.1
Project("{F184B08F-C81C-45F6-A57F-5ABD9991F28F}") = "WinFormsApp1", "WinFormsApp1\WinFormsApp1.vbproj", "{B3FD85D6-8F38-4DBD-AD31-D6FCDCB9EA4A}"
EndProject
Global
	GlobalSection(SolutionConfigurationPlatforms) = preSolution
		Debug|Any CPU = Debug|Any CPU
		Release|Any CPU = Release|Any CPU
	EndGlobalSection
	GlobalSection(ProjectConfigurationPlatforms) = postSolution
		{B3FD85D6-8F38-4DBD-AD31-D6FCDCB9EA4A}.Debug|Any CPU.ActiveCfg = Debug|Any CPU
		{B3FD85D6-8F38-4DBD-AD31-D6FCDCB9EA4A}.Debug|Any CPU.Build.0 = Debug|Any CPU
		{B3FD85D6-8F38-4DBD-AD31-D6FCDCB9EA4A}.Release|Any CPU.ActiveCfg = Release|Any CPU
		{B3FD85D6-8F38-4DBD-AD31-D6FCDCB9EA4A}.Release|Any CPU.Build.0 = Release|Any CPU
	EndGlobalSection
	GlobalSection(SolutionProperties) = preSolution
		HideSolutionNode = FALSE
	EndGlobalSection
	GlobalSection(ExtensibilityGlobals) = postSolution
		SolutionGuid = {E06EB854-B0FB-4215-86C0-AD48BFC42F86}
	EndGlobalSection
EndGlobal
